
Microsoft Visual Studio Solution File, Format Version 12.00
# Visual Studio Version 16
VisualStudioVersion = 16.0.30804.86
MinimumVisualStudioVersion = 10.0.40219.1
Project("{2150E333-8FDC-42A3-9474-1A3956D46DE8}") = "src", "src", "{DA5B7B43-E166-4CAB-9F8C-0EB8F114A23C}"
EndProject
Project("{9A19103F-16F7-4668-BE54-9A1E7A4F7556}") = "LuceneServerNET", "src\LuceneServerNET\LuceneServerNET.csproj", "{6C9D9392-3BB9-4E07-99CF-2FFF2DC1B1B1}"
EndProject
Project("{9A19103F-16F7-4668-BE54-9A1E7A4F7556}") = "LuceneServerNET.Core", "src\LuceneServerNET.Core\LuceneServerNET.Core.csproj", "{FF1BB1B7-13E3-47DC-A9F9-8EE551EAEEFD}"
EndProject
Project("{9A19103F-16F7-4668-BE54-9A1E7A4F7556}") = "LuceneServerNET.Client", "src\LuceneServerNET.Client\LuceneServerNET.Client.csproj", "{FFA4EA8D-27EF-4533-8AFB-A6C96B7ADAC0}"
EndProject
Project("{2150E333-8FDC-42A3-9474-1A3956D46DE8}") = "test", "test", "{7F5F0D40-3AC5-4876-B168-70898D46D0EB}"
EndProject
Project("{FAE04EC0-301F-11D3-BF4B-00C04F79EFBC}") = "ConsoleClient", "test\ConsoleClient\ConsoleClient.csproj", "{A9C4554D-F32D-4EBD-97C4-40F6235FEDCE}"
EndProject
Global
	GlobalSection(SolutionConfigurationPlatforms) = preSolution
		Debug|Any CPU = Debug|Any CPU
		Release|Any CPU = Release|Any CPU
	EndGlobalSection
	GlobalSection(ProjectConfigurationPlatforms) = postSolution
		{6C9D9392-3BB9-4E07-99CF-2FFF2DC1B1B1}.Debug|Any CPU.ActiveCfg = Debug|Any CPU
		{6C9D9392-3BB9-4E07-99CF-2FFF2DC1B1B1}.Debug|Any CPU.Build.0 = Debug|Any CPU
		{6C9D9392-3BB9-4E07-99CF-2FFF2DC1B1B1}.Release|Any CPU.ActiveCfg = Release|Any CPU
		{6C9D9392-3BB9-4E07-99CF-2FFF2DC1B1B1}.Release|Any CPU.Build.0 = Release|Any CPU
		{FF1BB1B7-13E3-47DC-A9F9-8EE551EAEEFD}.Debug|Any CPU.ActiveCfg = Debug|Any CPU
		{FF1BB1B7-13E3-47DC-A9F9-8EE551EAEEFD}.Debug|Any CPU.Build.0 = Debug|Any CPU
		{FF1BB1B7-13E3-47DC-A9F9-8EE551EAEEFD}.Release|Any CPU.ActiveCfg = Release|Any CPU
		{FF1BB1B7-13E3-47DC-A9F9-8EE551EAEEFD}.Release|Any CPU.Build.0 = Release|Any CPU
		{FFA4EA8D-27EF-4533-8AFB-A6C96B7ADAC0}.Debug|Any CPU.ActiveCfg = Debug|Any CPU
		{FFA4EA8D-27EF-4533-8AFB-A6C96B7ADAC0}.Debug|Any CPU.Build.0 = Debug|Any CPU
		{FFA4EA8D-27EF-4533-8AFB-A6C96B7ADAC0}.Release|Any CPU.ActiveCfg = Release|Any CPU
		{FFA4EA8D-27EF-4533-8AFB-A6C96B7ADAC0}.Release|Any CPU.Build.0 = Release|Any CPU
		{A9C4554D-F32D-4EBD-97C4-40F6235FEDCE}.Debug|Any CPU.ActiveCfg = Debug|Any CPU
		{A9C4554D-F32D-4EBD-97C4-40F6235FEDCE}.Debug|Any CPU.Build.0 = Debug|Any CPU
		{A9C4554D-F32D-4EBD-97C4-40F6235FEDCE}.Release|Any CPU.ActiveCfg = Release|Any CPU
		{A9C4554D-F32D-4EBD-97C4-40F6235FEDCE}.Release|Any CPU.Build.0 = Release|Any CPU
	EndGlobalSection
	GlobalSection(SolutionProperties) = preSolution
		HideSolutionNode = FALSE
	EndGlobalSection
	GlobalSection(NestedProjects) = preSolution
		{6C9D9392-3BB9-4E07-99CF-2FFF2DC1B1B1} = {DA5B7B43-E166-4CAB-9F8C-0EB8F114A23C}
		{FF1BB1B7-13E3-47DC-A9F9-8EE551EAEEFD} = {DA5B7B43-E166-4CAB-9F8C-0EB8F114A23C}
		{FFA4EA8D-27EF-4533-8AFB-A6C96B7ADAC0} = {DA5B7B43-E166-4CAB-9F8C-0EB8F114A23C}
		{A9C4554D-F32D-4EBD-97C4-40F6235FEDCE} = {7F5F0D40-3AC5-4876-B168-70898D46D0EB}
	EndGlobalSection
	GlobalSection(ExtensibilityGlobals) = postSolution
		SolutionGuid = {E02FF9F3-93AE-4E22-8F0F-1E279B4F56E5}
	EndGlobalSection
EndGlobal
